# This file is automatically @generated by Cargo.
# It is not intended for manual editing.
[[package]]
name = "anyhow"
version = "1.0.31"
source = "registry+https://github.com/rust-lang/crates.io-index"
checksum = "85bb70cc08ec97ca5450e6eba421deeea5f172c0fc61f78b5357b2a8e8be195f"

[[package]]
name = "prjfs-rs"
version = "0.1.0"
dependencies = [
 "anyhow",
 "winapi",
]

[[package]]
name = "winapi"
version = "0.3.8"
source = "git+https://github.com/fanzeyi/winapi-rs?branch=projectedfslib#51f3b72639c50e220626a8f101870edd09a81778"
dependencies = [
 "winapi-i686-pc-windows-gnu",
 "winapi-x86_64-pc-windows-gnu",
]

[[package]]
name = "winapi-i686-pc-windows-gnu"
version = "0.4.0"
source = "git+https://github.com/fanzeyi/winapi-rs?branch=projectedfslib#51f3b72639c50e220626a8f101870edd09a81778"

[[package]]
name = "winapi-x86_64-pc-windows-gnu"
version = "0.4.0"
source = "git+https://github.com/fanzeyi/winapi-rs?branch=projectedfslib#51f3b72639c50e220626a8f101870edd09a81778"
